PODS:
  - FlutterMacOS (1.0.0)
  - thorvg (1.0.0-beta.0):
    - FlutterMacOS

DEPENDENCIES:
  - FlutterMacOS (from `Flutter/ephemeral`)
  - thorvg (from `Flutter/ephemeral/.symlinks/plugins/thorvg/macos`)

EXTERNAL SOURCES:
  FlutterMacOS:
    :path: Flutter/ephemeral
  thorvg:
    :path: Flutter/ephemeral/.symlinks/plugins/thorvg/macos

SPEC CHECKSUMS:
  FlutterMacOS: 8f6f14fa908a6fb3fba0cd85dbd81ec4b251fb24
  thorvg: cd85d234f639201c8d58d80ea923e136c6deffd7

PODFILE CHECKSUM: 7eb978b976557c8c1cd717d8185ec483fd090a82

COCOAPODS: 1.16.2
